{
  "name": "atlas",
  "lockfileVersion": 3,
  "requires": true,
  "packages": {
    "": {
      "dependencies": {
        "leaflet-search": "^3.0.9"
      }
    },
    "node_modules/leaflet": {
      "version": "1.9.3",
      "resolved": "https://registry.npmjs.org/leaflet/-/leaflet-1.9.3.tgz",
      "integrity": "sha512-iB2cR9vAkDOu5l3HAay2obcUHZ7xwUBBjph8+PGtmW/2lYhbLizWtG7nTeYht36WfOslixQF9D/uSIzhZgGMfQ=="
    },
    "node_modules/leaflet-search": {
      "version": "3.0.9",
      "resolved": "https://registry.npmjs.org/leaflet-search/-/leaflet-search-3.0.9.tgz",
      "integrity": "sha512-Jg6b9pwYNAeo67VxRKOunzH5BicscmG0Zp9sjyV2dO+lWEV+eq5N13H+q5vtTA9jcYCriOX1EN4UUxhVUs8n3g==",
      "dependencies": {
        "leaflet": "*"
      }
    }
  }
}
